// !$*UTF8*$!
{
	archiveVersion = 1;
	classes = {
	};
	objectVersion = 46;
	objects = {

/* Begin PBXBuildFile section */
		26F7AD781C25A61A005CC188 /* AppDelegate.swift in Sources */ = {isa = PBXBuildFile; fileRef = 26F7AD771C25A61A005CC188 /* AppDelegate.swift */; };
		26F7AD7A1C25A61A005CC188 /* ViewController.swift in Sources */ = {isa = PBXBuildFile; fileRef = 26F7AD791C25A61A005CC188 /* ViewController.swift */; };
		26F7AD7D1C25A61A005CC188 /* Main.storyboard in Resources */ = {isa = PBXBuildFile; fileRef = 26F7AD7B1C25A61A005CC188 /* Main.storyboard */; };
		26F7AD7F1C25A61A005CC188 /* Assets.xcassets in Resources */ = {isa = PBXBuildFile; fileRef = 26F7AD7E1C25A61A005CC188 /* Assets.xcassets */; };
		26F7AD821C25A61A005CC188 /* LaunchScreen.storyboard in Resources */ = {isa = PBXBuildFile; fileRef = 26F7AD801C25A61A005CC188 /* LaunchScreen.storyboard */; };
		26F7AD8F1C25A6DB005CC188 /* bite.wav in Resources */ = {isa = PBXBuildFile; fileRef = 26F7AD8A1C25A6DB005CC188 /* bite.wav */; };
		26F7AD901C25A6DB005CC188 /* cave-music.mp3 in Resources */ = {isa = PBXBuildFile; fileRef = 26F7AD8B1C25A6DB005CC188 /* cave-music.mp3 */; };
		26F7AD911C25A6DB005CC188 /* death.wav in Resources */ = {isa = PBXBuildFile; fileRef = 26F7AD8C1C25A6DB005CC188 /* death.wav */; };
		26F7AD921C25A6DB005CC188 /* heart.wav in Resources */ = {isa = PBXBuildFile; fileRef = 26F7AD8D1C25A6DB005CC188 /* heart.wav */; };
		26F7AD931C25A6DB005CC188 /* skull.wav in Resources */ = {isa = PBXBuildFile; fileRef = 26F7AD8E1C25A6DB005CC188 /* skull.wav */; };
		26F7AD951C25B447005CC188 /* DragImg.swift in Sources */ = {isa = PBXBuildFile; fileRef = 26F7AD941C25B447005CC188 /* DragImg.swift */; };
		26F7AD971C25B7D1005CC188 /* MonsterImg.swift in Sources */ = {isa = PBXBuildFile; fileRef = 26F7AD961C25B7D1005CC188 /* MonsterImg.swift */; };
/* End PBXBuildFile section */

/* Begin PBXFileReference section */
		26F7AD741C25A61A005CC188 /* MyLittleMonster.app */ = {isa = PBXFileReference; explicitFileType = wrapper.application; includeInIndex = 0; path = MyLittleMonster.app; sourceTree = BUILT_PRODUCTS_DIR; };
		26F7AD771C25A61A005CC188 /* AppDelegate.swift */ = {isa = PBXFileReference; lastKnownFileType = sourcecode.swift; path = AppDelegate.swift; sourceTree = "<group>"; };
		26F7AD791C25A61A005CC188 /* ViewController.swift */ = {isa = PBXFileReference; lastKnownFileType = sourcecode.swift; path = ViewController.swift; sourceTree = "<group>"; };
		26F7AD7C1C25A61A005CC188 /* Base */ = {isa = PBXFileReference; lastKnownFileType = file.storyboard; name = Base; path = Base.lproj/Main.storyboard; sourceTree = "<group>"; };
		26F7AD7E1C25A61A005CC188 /* Assets.xcassets */ = {isa = PBXFileReference; lastKnownFileType = folder.assetcatalog; path = Assets.xcassets; sourceTree = "<group>"; };
		26F7AD811C25A61A005CC188 /* Base */ = {isa = PBXFileReference; lastKnownFileType = file.storyboard; name = Base; path = Base.lproj/LaunchScreen.storyboard; sourceTree = "<group>"; };
		26F7AD831C25A61A005CC188 /* Info.plist */ = {isa = PBXFileReference; lastKnownFileType = text.plist.xml; path = Info.plist; sourceTree = "<group>"; };
		26F7AD8A1C25A6DB005CC188 /* bite.wav */ = {isa = PBXFileReference; lastKnownFileType = audio.wav; path = bite.wav; sourceTree = "<group>"; };
		26F7AD8B1C25A6DB005CC188 /* cave-music.mp3 */ = {isa = PBXFileReference; lastKnownFileType = audio.mp3; path = "cave-music.mp3"; sourceTree = "<group>"; };
		26F7AD8C1C25A6DB005CC188 /* death.wav */ = {isa = PBXFileReference; lastKnownFileType = audio.wav; path = death.wav; sourceTree = "<group>"; };
		26F7AD8D1C25A6DB005CC188 /* heart.wav */ = {isa = PBXFileReference; lastKnownFileType = audio.wav; path = heart.wav; sourceTree = "<group>"; };
		26F7AD8E1C25A6DB005CC188 /* skull.wav */ = {isa = PBXFileReference; lastKnownFileType = audio.wav; path = skull.wav; sourceTree = "<group>"; };
		26F7AD941C25B447005CC188 /* DragImg.swift */ = {isa = PBXFileReference; fileEncoding = 4; lastKnownFileType = sourcecode.swift; path = DragImg.swift; sourceTree = "<group>"; };
		26F7AD961C25B7D1005CC188 /* MonsterImg.swift */ = {isa = PBXFileReference; fileEncoding = 4; lastKnownFileType = sourcecode.swift; path = MonsterImg.swift; sourceTree = "<group>"; };
/* End PBXFileReference section */

/* Begin PBXFrameworksBuildPhase section */
		26F7AD711C25A61A005CC188 /* Frameworks */ = {
			isa = PBXFrameworksBuildPhase;
			buildActionMask = 2147483647;
			files = (
			);
			runOnlyForDeploymentPostprocessing = 0;
		};
/* End PBXFrameworksBuildPhase section */

/* Begin PBXGroup section */
		26F7AD6B1C25A61A005CC188 = {
			isa = PBXGroup;
			children = (
				26F7AD761C25A61A005CC188 /* MyLittleMonster */,
				26F7AD751C25A61A005CC188 /* Products */,
			);
			sourceTree = "<group>";
		};
		26F7AD751C25A61A005CC188 /* Products */ = {
			isa = PBXGroup;
			children = (
				26F7AD741C25A61A005CC188 /* MyLittleMonster.app */,
			);
			name = Products;
			sourceTree = "<group>";
		};
		26F7AD761C25A61A005CC188 /* MyLittleMonster */ = {
			isa = PBXGroup;
			children = (
				26F7AD891C25A6BC005CC188 /* Sounds */,
				26F7AD771C25A61A005CC188 /* AppDelegate.swift */,
				26F7AD791C25A61A005CC188 /* ViewController.swift */,
				26F7AD7B1C25A61A005CC188 /* Main.storyboard */,
				26F7AD7E1C25A61A005CC188 /* Assets.xcassets */,
				26F7AD801C25A61A005CC188 /* LaunchScreen.storyboard */,
				26F7AD831C25A61A005CC188 /* Info.plist */,
				26F7AD941C25B447005CC188 /* DragImg.swift */,
				26F7AD961C25B7D1005CC188 /* MonsterImg.swift */,
			);
			path = MyLittleMonster;
			sourceTree = "<group>";
		};
		26F7AD891C25A6BC005CC188 /* Sounds */ = {
			isa = PBXGroup;
			children = (
				26F7AD8A1C25A6DB005CC188 /* bite.wav */,
				26F7AD8B1C25A6DB005CC188 /* cave-music.mp3 */,
				26F7AD8C1C25A6DB005CC188 /* death.wav */,
				26F7AD8D1C25A6DB005CC188 /* heart.wav */,
				26F7AD8E1C25A6DB005CC188 /* skull.wav */,
			);
			name = Sounds;
			sourceTree = "<group>";
		};
/* End PBXGroup section */

/* Begin PBXNativeTarget section */
		26F7AD731C25A61A005CC188 /* MyLittleMonster */ = {
			isa = PBXNativeTarget;
			buildConfigurationList = 26F7AD861C25A61A005CC188 /* Build configuration list for PBXNativeTarget "MyLittleMonster" */;
			buildPhases = (
				26F7AD701C25A61A005CC188 /* Sources */,
				26F7AD711C25A61A005CC188 /* Frameworks */,
				26F7AD721C25A61A005CC188 /* Resources */,
			);
			buildRules = (
			);
			dependencies = (
			);
			name = MyLittleMonster;
			productName = MyLittleMonster;
			productReference = 26F7AD741C25A61A005CC188 /* MyLittleMonster.app */;
			productType = "com.apple.product-type.application";
		};
/* End PBXNativeTarget section */

/* Begin PBXProject section */
		26F7AD6C1C25A61A005CC188 /* Project object */ = {
			isa = PBXProject;
			attributes = {
				LastSwiftUpdateCheck = 0720;
				LastUpgradeCheck = 0720;
				ORGANIZATIONNAME = "Maynesoft LLC";
				TargetAttributes = {
					26F7AD731C25A61A005CC188 = {
						CreatedOnToolsVersion = 7.2;
					};
				};
			};
			buildConfigurationList = 26F7AD6F1C25A61A005CC188 /* Build configuration list for PBXProject "MyLittleMonster" */;
			compatibilityVersion = "Xcode 3.2";
			developmentRegion = English;
			hasScannedForEncodings = 0;
			knownRegions = (
				en,
				Base,
			);
			mainGroup = 26F7AD6B1C25A61A005CC188;
			productRefGroup = 26F7AD751C25A61A005CC188 /* Products */;
			projectDirPath = "";
			projectRoot = "";
			targets = (
				26F7AD731C25A61A005CC188 /* MyLittleMonster */,
			);
		};
/* End PBXProject section */

/* Begin PBXResourcesBuildPhase section */
		26F7AD721C25A61A005CC188 /* Resources */ = {
			isa = PBXResourcesBuildPhase;
			buildActionMask = 2147483647;
			files = (
				26F7AD931C25A6DB005CC188 /* skull.wav in Resources */,
				26F7AD8F1C25A6DB005CC188 /* bite.wav in Resources */,
				26F7AD911C25A6DB005CC188 /* death.wav in Resources */,
				26F7AD921C25A6DB005CC188 /* heart.wav in Resources */,
				26F7AD901C25A6DB005CC188 /* cave-music.mp3 in Resources */,
				26F7AD821C25A61A005CC188 /* LaunchScreen.storyboard in Resources */,
				26F7AD7F1C25A61A005CC188 /* Assets.xcassets in Resources */,
				26F7AD7D1C25A61A005CC188 /* Main.storyboard in Resources */,
			);
			runOnlyForDeploymentPostprocessing = 0;
		};
/* End PBXResourcesBuildPhase section */

/* Begin PBXSourcesBuildPhase section */
		26F7AD701C25A61A005CC188 /* Sources */ = {
			isa = PBXSourcesBuildPhase;
			buildActionMask = 2147483647;
			files = (
				26F7AD971C25B7D1005CC188 /* MonsterImg.swift in Sources */,
				26F7AD951C25B447005CC188 /* DragImg.swift in Sources */,
				26F7AD7A1C25A61A005CC188 /* ViewController.swift in Sources */,
				26F7AD781C25A61A005CC188 /* AppDelegate.swift in Sources */,
			);
			runOnlyForDeploymentPostprocessing = 0;
		};
/* End PBXSourcesBuildPhase section */

/* Begin PBXVariantGroup section */
		26F7AD7B1C25A61A005CC188 /* Main.storyboard */ = {
			isa = PBXVariantGroup;
			children = (
				26F7AD7C1C25A61A005CC188 /* Base */,
			);
			name = Main.storyboard;
			sourceTree = "<group>";
		};
		26F7AD801C25A61A005CC188 /* LaunchScreen.storyboard */ = {
			isa = PBXVariantGroup;
			children = (
				26F7AD811C25A61A005CC188 /* Base */,
			);
			name = LaunchScreen.storyboard;
			sourceTree = "<group>";
		};
/* End PBXVariantGroup section */

/* Begin XCBuildConfiguration section */
		26F7AD841C25A61A005CC188 /* Debug */ = {
			isa = XCBuildConfiguration;
			buildSettings = {
				ALWAYS_SEARCH_USER_PATHS = NO;
				CLANG_CXX_LANGUAGE_STANDARD = "gnu++0x";
				CLANG_CXX_LIBRARY = "libc++";
				CLANG_ENABLE_MODULES = YES;
				CLANG_ENABLE_OBJC_ARC = YES;
				CLANG_WARN_BOOL_CONVERSION = YES;
				CLANG_WARN_CONSTANT_CONVERSION = YES;
				CLANG_WARN_DIRECT_OBJC_ISA_USAGE = YES_ERROR;
				CLANG_WARN_EMPTY_BODY = YES;
				CLANG_WARN_ENUM_CONVERSION = YES;
				CLANG_WARN_INT_CONVERSION = YES;
				CLANG_WARN_OBJC_ROOT_CLASS = YES_ERROR;
				CLANG_WARN_UNREACHABLE_CODE = YES;
				CLANG_WARN__DUPLICATE_METHOD_MATCH = YES;
				"CODE_SIGN_IDENTITY[sdk=iphoneos*]" = "iPhone Developer";
				COPY_PHASE_STRIP = NO;
				DEBUG_INFORMATION_FORMAT = dwarf;
				ENABLE_STRICT_OBJC_MSGSEND = YES;
				ENABLE_TESTABILITY = YES;
				GCC_C_LANGUAGE_STANDARD = gnu99;
				GCC_DYNAMIC_NO_PIC = NO;
				GCC_NO_COMMON_BLOCKS = YES;
				GCC_OPTIMIZATION_LEVEL = 0;
				GCC_PREPROCESSOR_DEFINITIONS = (
					"DEBUG=1",
					"$(inherited)",
				);
				GCC_WARN_64_TO_32_BIT_CONVERSION = YES;
				GCC_WARN_ABOUT_RETURN_TYPE = YES_ERROR;
				GCC_WARN_UNDECLARED_SELECTOR = YES;
				GCC_WARN_UNINITIALIZED_AUTOS = YES_AGGRESSIVE;
				GCC_WARN_UNUSED_FUNCTION = YES;
				GCC_WARN_UNUSED_VARIABLE = YES;
				IPHONEOS_DEPLOYMENT_TARGET = 9.2;
				MTL_ENABLE_DEBUG_INFO = YES;
				ONLY_ACTIVE_ARCH = YES;
				SDKROOT = iphoneos;
				SWIFT_OPTIMIZATION_LEVEL = "-Onone";
				TARGETED_DEVICE_FAMILY = "1,2";
			};
			name = Debug;
		};
		26F7AD851C25A61A005CC188 /* Release */ = {
			isa = XCBuildConfiguration;
			buildSettings = {
				ALWAYS_SEARCH_USER_PATHS = NO;
				CLANG_CXX_LANGUAGE_STANDARD = "gnu++0x";
				CLANG_CXX_LIBRARY = "libc++";
				CLANG_ENABLE_MODULES = YES;
				CLANG_ENABLE_OBJC_ARC = YES;
				CLANG_WARN_BOOL_CONVERSION = YES;
				CLANG_WARN_CONSTANT_CONVERSION = YES;
				CLANG_WARN_DIRECT_OBJC_ISA_USAGE = YES_ERROR;
				CLANG_WARN_EMPTY_BODY = YES;
				CLANG_WARN_ENUM_CONVERSION = YES;
				CLANG_WARN_INT_CONVERSION = YES;
				CLANG_WARN_OBJC_ROOT_CLASS = YES_ERROR;
				CLANG_WARN_UNREACHABLE_CODE = YES;
				CLANG_WARN__DUPLICATE_METHOD_MATCH = YES;
				"CODE_SIGN_IDENTITY[sdk=iphoneos*]" = "iPhone Developer";
				COPY_PHASE_STRIP = NO;
				DEBUG_INFORMATION_FORMAT = "dwarf-with-dsym";
				ENABLE_NS_ASSERTIONS = NO;
				ENABLE_STRICT_OBJC_MSGSEND = YES;
				GCC_C_LANGUAGE_STANDARD = gnu99;
				GCC_NO_COMMON_BLOCKS = YES;
				GCC_WARN_64_TO_32_BIT_CONVERSION = YES;
				GCC_WARN_ABOUT_RETURN_TYPE = YES_ERROR;
				GCC_WARN_UNDECLARED_SELECTOR = YES;
				GCC_WARN_UNINITIALIZED_AUTOS = YES_AGGRESSIVE;
				GCC_WARN_UNUSED_FUNCTION = YES;
				GCC_WARN_UNUSED_VARIABLE = YES;
				IPHONEOS_DEPLOYMENT_TARGET = 9.2;
				MTL_ENABLE_DEBUG_INFO = NO;
				SDKROOT = iphoneos;
				TARGETED_DEVICE_FAMILY = "1,2";
				VALIDATE_PRODUCT = YES;
			};
			name = Release;
		};
		26F7AD871C25A61A005CC188 /* Debug */ = {
			isa = XCBuildConfiguration;
			buildSettings = {
				ASSETCATALOG_COMPILER_APPICON_NAME = AppIcon;
				INFOPLIST_FILE = MyLittleMonster/Info.plist;
				LD_RUNPATH_SEARCH_PATHS = "$(inherited) @executable_path/Frameworks";
				PRODUCT_BUNDLE_IDENTIFIER = com.maynesoft.MyLittleMonster;
				PRODUCT_NAME = "$(TARGET_NAME)";
			};
			name = Debug;
		};
		26F7AD881C25A61A005CC188 /* Release */ = {
			isa = XCBuildConfiguration;
			buildSettings = {
				ASSETCATALOG_COMPILER_APPICON_NAME = AppIcon;
				INFOPLIST_FILE = MyLittleMonster/Info.plist;
				LD_RUNPATH_SEARCH_PATHS = "$(inherited) @executable_path/Frameworks";
				PRODUCT_BUNDLE_IDENTIFIER = com.maynesoft.MyLittleMonster;
				PRODUCT_NAME = "$(TARGET_NAME)";
			};
			name = Release;
		};
/* End XCBuildConfiguration section */

/* Begin XCConfigurationList section */
		26F7AD6F1C25A61A005CC188 /* Build configuration list for PBXProject "MyLittleMonster" */ = {
			isa = XCConfigurationList;
			buildConfigurations = (
				26F7AD841C25A61A005CC188 /* Debug */,
				26F7AD851C25A61A005CC188 /* Release */,
			);
			defaultConfigurationIsVisible = 0;
			defaultConfigurationName = Release;
		};
		26F7AD861C25A61A005CC188 /* Build configuration list for PBXNativeTarget "MyLittleMonster" */ = {
			isa = XCConfigurationList;
			buildConfigurations = (
				26F7AD871C25A61A005CC188 /* Debug */,
				26F7AD881C25A61A005CC188 /* Release */,
			);
			defaultConfigurationIsVisible = 0;
		};
/* End XCConfigurationList section */
	};
	rootObject = 26F7AD6C1C25A61A005CC188 /* Project object */;
}
